
Microsoft Visual Studio Solution File, Format Version 12.00
# Visual Studio Version 17
VisualStudioVersion = 17.1.32210.238
MinimumVisualStudioVersion = 10.0.40219.1
Project("{2150E333-8FDC-42A3-9474-1A3956D46DE8}") = "Front end", "Front end", "{F4CCB564-170E-47EA-B97E-021053923B9A}"
EndProject
Project("{2150E333-8FDC-42A3-9474-1A3956D46DE8}") = "Gateway", "Gateway", "{C4A085B3-CC1C-41BD-B820-EAA4FE9EB30F}"
EndProject
Project("{2150E333-8FDC-42A3-9474-1A3956D46DE8}") = "Integration", "Integration", "{E4D3750F-4EB5-4222-A995-286916ED1CD5}"
EndProject
Project("{2150E333-8FDC-42A3-9474-1A3956D46DE8}") = "Services", "Services", "{3B40B3B6-CB2D-4F28-996C-8D03EC730AE5}"
EndProject
Project("{9A19103F-16F7-4668-BE54-9A1E7A4F7556}") = "Mango.Services.CouponAPI", "Mango.Services.CouponAPI\Mango.Services.CouponAPI.csproj", "{B3914A3D-1919-402B-A23B-6FB20D9C8983}"
EndProject
Project("{9A19103F-16F7-4668-BE54-9A1E7A4F7556}") = "Mango.WebApp", "Mango.WebApp\Mango.WebApp.csproj", "{1717BCEC-FF26-4E55-B6DC-4AF5631F4574}"
EndProject
Project("{FAE04EC0-301F-11D3-BF4B-00C04F79EFBC}") = "Mango.Services.AuthAPI", "Mango.Services.AuthAPI\Mango.Services.AuthAPI.csproj", "{3F50C025-6622-4669-8A4B-AB8B6A6A0CD2}"
EndProject
Global
	GlobalSection(SolutionConfigurationPlatforms) = preSolution
		Debug|Any CPU = Debug|Any CPU
		Release|Any CPU = Release|Any CPU
	EndGlobalSection
	GlobalSection(ProjectConfigurationPlatforms) = postSolution
		{B3914A3D-1919-402B-A23B-6FB20D9C8983}.Debug|Any CPU.ActiveCfg = Debug|Any CPU
		{B3914A3D-1919-402B-A23B-6FB20D9C8983}.Debug|Any CPU.Build.0 = Debug|Any CPU
		{B3914A3D-1919-402B-A23B-6FB20D9C8983}.Release|Any CPU.ActiveCfg = Release|Any CPU
		{B3914A3D-1919-402B-A23B-6FB20D9C8983}.Release|Any CPU.Build.0 = Release|Any CPU
		{1717BCEC-FF26-4E55-B6DC-4AF5631F4574}.Debug|Any CPU.ActiveCfg = Debug|Any CPU
		{1717BCEC-FF26-4E55-B6DC-4AF5631F4574}.Debug|Any CPU.Build.0 = Debug|Any CPU
		{1717BCEC-FF26-4E55-B6DC-4AF5631F4574}.Release|Any CPU.ActiveCfg = Release|Any CPU
		{1717BCEC-FF26-4E55-B6DC-4AF5631F4574}.Release|Any CPU.Build.0 = Release|Any CPU
		{3F50C025-6622-4669-8A4B-AB8B6A6A0CD2}.Debug|Any CPU.ActiveCfg = Debug|Any CPU
		{3F50C025-6622-4669-8A4B-AB8B6A6A0CD2}.Debug|Any CPU.Build.0 = Debug|Any CPU
		{3F50C025-6622-4669-8A4B-AB8B6A6A0CD2}.Release|Any CPU.ActiveCfg = Release|Any CPU
		{3F50C025-6622-4669-8A4B-AB8B6A6A0CD2}.Release|Any CPU.Build.0 = Release|Any CPU
	EndGlobalSection
	GlobalSection(SolutionProperties) = preSolution
		HideSolutionNode = FALSE
	EndGlobalSection
	GlobalSection(NestedProjects) = preSolution
		{B3914A3D-1919-402B-A23B-6FB20D9C8983} = {3B40B3B6-CB2D-4F28-996C-8D03EC730AE5}
		{1717BCEC-FF26-4E55-B6DC-4AF5631F4574} = {F4CCB564-170E-47EA-B97E-021053923B9A}
		{3F50C025-6622-4669-8A4B-AB8B6A6A0CD2} = {3B40B3B6-CB2D-4F28-996C-8D03EC730AE5}
	EndGlobalSection
	GlobalSection(ExtensibilityGlobals) = postSolution
		SolutionGuid = {18D2DD3A-BB17-4F0D-A80E-A9E2C1B77BBA}
	EndGlobalSection
EndGlobal
